Microsoft Visual Studio Solution File, Format Version 12.00
# Visual Studio Version 17
VisualStudioVersion = 17.5.2.0
MinimumVisualStudioVersion = 10.0.40219.1
Project("{FAE04EC0-301F-11D3-BF4B-00C04F79EFBC}") = "MySpecFlowTests", "MySpecFlowTests.csproj", "{926F7044-5C3C-9AFC-6B85-99E5A1D8E03A}"
EndProject
Global
	GlobalSection(SolutionConfigurationPlatforms) = preSolution
		Debug|Any CPU = Debug|Any CPU
		Release|Any CPU = Release|Any CPU
	EndGlobalSection
	GlobalSection(ProjectConfigurationPlatforms) = postSolution
		{926F7044-5C3C-9AFC-6B85-99E5A1D8E03A}.Debug|Any CPU.ActiveCfg = Debug|Any CPU
		{926F7044-5C3C-9AFC-6B85-99E5A1D8E03A}.Debug|Any CPU.Build.0 = Debug|Any CPU
		{926F7044-5C3C-9AFC-6B85-99E5A1D8E03A}.Release|Any CPU.ActiveCfg = Release|Any CPU
		{926F7044-5C3C-9AFC-6B85-99E5A1D8E03A}.Release|Any CPU.Build.0 = Release|Any CPU
	EndGlobalSection
	GlobalSection(SolutionProperties) = preSolution
		HideSolutionNode = FALSE
	EndGlobalSection
	GlobalSection(ExtensibilityGlobals) = postSolution
		SolutionGuid = {F94EDA24-8A0A-429E-9DFA-E64DEEB5348F}
	EndGlobalSection
EndGlobal
